
Microsoft Visual Studio Solution File, Format Version 12.00
# Visual Studio Version 16
VisualStudioVersion = 16.0.30621.155
MinimumVisualStudioVersion = 10.0.40219.1
Project("{FAE04EC0-301F-11D3-BF4B-00C04F79EFBC}") = "StudentskaSLuzba", "StudentskaSLuzba\StudentskaSLuzba.csproj", "{4221E721-C2E6-419C-B039-45B8EF04B456}"
EndProject
Project("{FAE04EC0-301F-11D3-BF4B-00C04F79EFBC}") = "Podaci", "Podaci\Podaci.csproj", "{4BD1B407-F3D8-496B-8B92-8401ED023568}"
EndProject
Global
	GlobalSection(SolutionConfigurationPlatforms) = preSolution
		Debug|Any CPU = Debug|Any CPU
		Release|Any CPU = Release|Any CPU
	EndGlobalSection
	GlobalSection(ProjectConfigurationPlatforms) = postSolution
		{4221E721-C2E6-419C-B039-45B8EF04B456}.Debug|Any CPU.ActiveCfg = Debug|Any CPU
		{4221E721-C2E6-419C-B039-45B8EF04B456}.Debug|Any CPU.Build.0 = Debug|Any CPU
		{4221E721-C2E6-419C-B039-45B8EF04B456}.Release|Any CPU.ActiveCfg = Release|Any CPU
		{4221E721-C2E6-419C-B039-45B8EF04B456}.Release|Any CPU.Build.0 = Release|Any CPU
		{4BD1B407-F3D8-496B-8B92-8401ED023568}.Debug|Any CPU.ActiveCfg = Debug|Any CPU
		{4BD1B407-F3D8-496B-8B92-8401ED023568}.Debug|Any CPU.Build.0 = Debug|Any CPU
		{4BD1B407-F3D8-496B-8B92-8401ED023568}.Release|Any CPU.ActiveCfg = Release|Any CPU
		{4BD1B407-F3D8-496B-8B92-8401ED023568}.Release|Any CPU.Build.0 = Release|Any CPU
	EndGlobalSection
	GlobalSection(SolutionProperties) = preSolution
		HideSolutionNode = FALSE
	EndGlobalSection
	GlobalSection(ExtensibilityGlobals) = postSolution
		SolutionGuid = {CC912936-3C01-44CB-92AC-ADAFDD869E50}
	EndGlobalSection
EndGlobal
